
Microsoft Visual Studio Solution File, Format Version 12.00
# Visual Studio Version 17
VisualStudioVersion = 17.2.32630.192
MinimumVisualStudioVersion = 10.0.40219.1
Project("{FAE04EC0-301F-11D3-BF4B-00C04F79EFBC}") = "variables", "variables\variables.csproj", "{223C5B3D-8FE1-4349-8554-8E0D92F232CB}"
EndProject
Global
	GlobalSection(SolutionConfigurationPlatforms) = preSolution
		Debug|Any CPU = Debug|Any CPU
		Release|Any CPU = Release|Any CPU
	EndGlobalSection
	GlobalSection(ProjectConfigurationPlatforms) = postSolution
		{223C5B3D-8FE1-4349-8554-8E0D92F232CB}.Debug|Any CPU.ActiveCfg = Debug|Any CPU
		{223C5B3D-8FE1-4349-8554-8E0D92F232CB}.Debug|Any CPU.Build.0 = Debug|Any CPU
		{223C5B3D-8FE1-4349-8554-8E0D92F232CB}.Release|Any CPU.ActiveCfg = Release|Any CPU
		{223C5B3D-8FE1-4349-8554-8E0D92F232CB}.Release|Any CPU.Build.0 = Release|Any CPU
	EndGlobalSection
	GlobalSection(SolutionProperties) = preSolution
		HideSolutionNode = FALSE
	EndGlobalSection
	GlobalSection(ExtensibilityGlobals) = postSolution
		SolutionGuid = {75980002-3CE0-43C9-B852-5839F616191D}
	EndGlobalSection
EndGlobal
